
Microsoft Visual Studio Solution File, Format Version 12.00
# Visual Studio Version 16
VisualStudioVersion = 16.0.31025.194
MinimumVisualStudioVersion = 10.0.40219.1
Project("{FAE04EC0-301F-11D3-BF4B-00C04F79EFBC}") = "WinChartApp", "WinChartApp\WinChartApp.csproj", "{78B581A2-13A2-40F6-8F82-B21CFEFE89B2}"
EndProject
Project("{FAE04EC0-301F-11D3-BF4B-00C04F79EFBC}") = "ImageViewerApp", "ImageViewerApp\ImageViewerApp.csproj", "{E8994B41-EBE7-4E84-AD62-0D05DB3B2D56}"
EndProject
Project("{FAE04EC0-301F-11D3-BF4B-00C04F79EFBC}") = "IotSensorMonApp", "IotSensorMonApp\IotSensorMonApp.csproj", "{60EDAD2C-B57E-4F2F-84D0-5A7C45F2C313}"
EndProject
Project("{FAE04EC0-301F-11D3-BF4B-00C04F79EFBC}") = "AddressInfoApp", "AddressInfoApp\AddressInfoApp.csproj", "{8D37EE9F-C2DF-408D-9958-102741D9CCA5}"
EndProject
Project("{FAE04EC0-301F-11D3-BF4B-00C04F79EFBC}") = "BookRentalShopApp", "BookRentalShopApp\BookRentalShopApp.csproj", "{1B8246F6-10C5-4DF8-A046-531C03144C49}"
EndProject
Global
	GlobalSection(SolutionConfigurationPlatforms) = preSolution
		Debug|Any CPU = Debug|Any CPU
		Release|Any CPU = Release|Any CPU
	EndGlobalSection
	GlobalSection(ProjectConfigurationPlatforms) = postSolution
		{78B581A2-13A2-40F6-8F82-B21CFEFE89B2}.Debug|Any CPU.ActiveCfg = Debug|Any CPU
		{78B581A2-13A2-40F6-8F82-B21CFEFE89B2}.Debug|Any CPU.Build.0 = Debug|Any CPU
		{78B581A2-13A2-40F6-8F82-B21CFEFE89B2}.Release|Any CPU.ActiveCfg = Release|Any CPU
		{78B581A2-13A2-40F6-8F82-B21CFEFE89B2}.Release|Any CPU.Build.0 = Release|Any CPU
		{E8994B41-EBE7-4E84-AD62-0D05DB3B2D56}.Debug|Any CPU.ActiveCfg = Debug|Any CPU
		{E8994B41-EBE7-4E84-AD62-0D05DB3B2D56}.Debug|Any CPU.Build.0 = Debug|Any CPU
		{E8994B41-EBE7-4E84-AD62-0D05DB3B2D56}.Release|Any CPU.ActiveCfg = Release|Any CPU
		{E8994B41-EBE7-4E84-AD62-0D05DB3B2D56}.Release|Any CPU.Build.0 = Release|Any CPU
		{60EDAD2C-B57E-4F2F-84D0-5A7C45F2C313}.Debug|Any CPU.ActiveCfg = Debug|Any CPU
		{60EDAD2C-B57E-4F2F-84D0-5A7C45F2C313}.Debug|Any CPU.Build.0 = Debug|Any CPU
		{60EDAD2C-B57E-4F2F-84D0-5A7C45F2C313}.Release|Any CPU.ActiveCfg = Release|Any CPU
		{60EDAD2C-B57E-4F2F-84D0-5A7C45F2C313}.Release|Any CPU.Build.0 = Release|Any CPU
		{8D37EE9F-C2DF-408D-9958-102741D9CCA5}.Debug|Any CPU.ActiveCfg = Debug|Any CPU
		{8D37EE9F-C2DF-408D-9958-102741D9CCA5}.Debug|Any CPU.Build.0 = Debug|Any CPU
		{8D37EE9F-C2DF-408D-9958-102741D9CCA5}.Release|Any CPU.ActiveCfg = Release|Any CPU
		{8D37EE9F-C2DF-408D-9958-102741D9CCA5}.Release|Any CPU.Build.0 = Release|Any CPU
		{1B8246F6-10C5-4DF8-A046-531C03144C49}.Debug|Any CPU.ActiveCfg = Debug|Any CPU
		{1B8246F6-10C5-4DF8-A046-531C03144C49}.Debug|Any CPU.Build.0 = Debug|Any CPU
		{1B8246F6-10C5-4DF8-A046-531C03144C49}.Release|Any CPU.ActiveCfg = Release|Any CPU
		{1B8246F6-10C5-4DF8-A046-531C03144C49}.Release|Any CPU.Build.0 = Release|Any CPU
	EndGlobalSection
	GlobalSection(SolutionProperties) = preSolution
		HideSolutionNode = FALSE
	EndGlobalSection
	GlobalSection(ExtensibilityGlobals) = postSolution
		SolutionGuid = {B2B07C27-4DEE-4ACB-B5E7-E1531D03FF17}
	EndGlobalSection
EndGlobal
