
Microsoft Visual Studio Solution File, Format Version 12.00
# Visual Studio Version 16
VisualStudioVersion = 16.0.31025.194
MinimumVisualStudioVersion = 10.0.40219.1
Project("{FAE04EC0-301F-11D3-BF4B-00C04F79EFBC}") = "WpfLoginApp", "WpfLoginApp\WpfLoginApp.csproj", "{557D8855-42E2-4FD2-ACEF-DAE02266ED19}"
EndProject
Project("{FAE04EC0-301F-11D3-BF4B-00C04F79EFBC}") = "ModernUITestApp", "ModernUITestApp\ModernUITestApp.csproj", "{FC5135BB-E6DB-4C63-9B4A-B8A4B24466F5}"
EndProject
Project("{FAE04EC0-301F-11D3-BF4B-00C04F79EFBC}") = "WpfPracticeApp", "WpfPracticeApp\WpfPracticeApp.csproj", "{7763F2BB-9302-4E50-BCAD-0C0471164BA6}"
EndProject
Project("{FAE04EC0-301F-11D3-BF4B-00C04F79EFBC}") = "PhotoSensorMonApp", "PhotoSensorMonApp\PhotoSensorMonApp.csproj", "{325E3F87-2AB2-46EA-8358-710A0DDA624A}"
EndProject
Project("{FAE04EC0-301F-11D3-BF4B-00C04F79EFBC}") = "WpfTestApp", "WpfTestApp\WpfTestApp.csproj", "{AF89CAD4-7A61-443A-89AE-CE7F2054BE33}"
EndProject
Project("{FAE04EC0-301F-11D3-BF4B-00C04F79EFBC}") = "FineDustMonApp", "FineDustMonApp\FineDustMonApp.csproj", "{21E1FC6F-DA3C-4578-8625-32F3A8C0E3CE}"
EndProject
Global
	GlobalSection(SolutionConfigurationPlatforms) = preSolution
		Debug|Any CPU = Debug|Any CPU
		Release|Any CPU = Release|Any CPU
	EndGlobalSection
	GlobalSection(ProjectConfigurationPlatforms) = postSolution
		{557D8855-42E2-4FD2-ACEF-DAE02266ED19}.Debug|Any CPU.ActiveCfg = Debug|Any CPU
		{557D8855-42E2-4FD2-ACEF-DAE02266ED19}.Debug|Any CPU.Build.0 = Debug|Any CPU
		{557D8855-42E2-4FD2-ACEF-DAE02266ED19}.Release|Any CPU.ActiveCfg = Release|Any CPU
		{557D8855-42E2-4FD2-ACEF-DAE02266ED19}.Release|Any CPU.Build.0 = Release|Any CPU
		{FC5135BB-E6DB-4C63-9B4A-B8A4B24466F5}.Debug|Any CPU.ActiveCfg = Debug|Any CPU
		{FC5135BB-E6DB-4C63-9B4A-B8A4B24466F5}.Debug|Any CPU.Build.0 = Debug|Any CPU
		{FC5135BB-E6DB-4C63-9B4A-B8A4B24466F5}.Release|Any CPU.ActiveCfg = Release|Any CPU
		{FC5135BB-E6DB-4C63-9B4A-B8A4B24466F5}.Release|Any CPU.Build.0 = Release|Any CPU
		{7763F2BB-9302-4E50-BCAD-0C0471164BA6}.Debug|Any CPU.ActiveCfg = Debug|Any CPU
		{7763F2BB-9302-4E50-BCAD-0C0471164BA6}.Debug|Any CPU.Build.0 = Debug|Any CPU
		{7763F2BB-9302-4E50-BCAD-0C0471164BA6}.Release|Any CPU.ActiveCfg = Release|Any CPU
		{7763F2BB-9302-4E50-BCAD-0C0471164BA6}.Release|Any CPU.Build.0 = Release|Any CPU
		{325E3F87-2AB2-46EA-8358-710A0DDA624A}.Debug|Any CPU.ActiveCfg = Debug|Any CPU
		{325E3F87-2AB2-46EA-8358-710A0DDA624A}.Debug|Any CPU.Build.0 = Debug|Any CPU
		{325E3F87-2AB2-46EA-8358-710A0DDA624A}.Release|Any CPU.ActiveCfg = Release|Any CPU
		{325E3F87-2AB2-46EA-8358-710A0DDA624A}.Release|Any CPU.Build.0 = Release|Any CPU
		{AF89CAD4-7A61-443A-89AE-CE7F2054BE33}.Debug|Any CPU.ActiveCfg = Debug|Any CPU
		{AF89CAD4-7A61-443A-89AE-CE7F2054BE33}.Debug|Any CPU.Build.0 = Debug|Any CPU
		{AF89CAD4-7A61-443A-89AE-CE7F2054BE33}.Release|Any CPU.ActiveCfg = Release|Any CPU
		{AF89CAD4-7A61-443A-89AE-CE7F2054BE33}.Release|Any CPU.Build.0 = Release|Any CPU
		{21E1FC6F-DA3C-4578-8625-32F3A8C0E3CE}.Debug|Any CPU.ActiveCfg = Debug|Any CPU
		{21E1FC6F-DA3C-4578-8625-32F3A8C0E3CE}.Debug|Any CPU.Build.0 = Debug|Any CPU
		{21E1FC6F-DA3C-4578-8625-32F3A8C0E3CE}.Release|Any CPU.ActiveCfg = Release|Any CPU
		{21E1FC6F-DA3C-4578-8625-32F3A8C0E3CE}.Release|Any CPU.Build.0 = Release|Any CPU
	EndGlobalSection
	GlobalSection(SolutionProperties) = preSolution
		HideSolutionNode = FALSE
	EndGlobalSection
	GlobalSection(ExtensibilityGlobals) = postSolution
		SolutionGuid = {99CE49C5-D1BE-4281-9200-9698464183BF}
	EndGlobalSection
EndGlobal
